// !$*UTF8*$!
{
	archiveVersion = 1;
	classes = {
	};
	objectVersion = 56;
	objects = {

/* Begin PBXBuildFile section */
		95B2E2952931D89400B9A53A /* SwiftUI_TextButtonVstackStateAppApp.swift in Sources */ = {isa = PBXBuildFile; fileRef = 95B2E2942931D89400B9A53A /* SwiftUI_TextButtonVstackStateAppApp.swift */; };
		95B2E2972931D89400B9A53A /* ContentView.swift in Sources */ = {isa = PBXBuildFile; fileRef = 95B2E2962931D89400B9A53A /* ContentView.swift */; };
		95B2E2992931D89500B9A53A /* Assets.xcassets in Resources */ = {isa = PBXBuildFile; fileRef = 95B2E2982931D89500B9A53A /* Assets.xcassets */; };
		95B2E29C2931D89500B9A53A /* Preview Assets.xcassets in Resources */ = {isa = PBXBuildFile; fileRef = 95B2E29B2931D89500B9A53A /* Preview Assets.xcassets */; };
		95B2E2A62931D89500B9A53A /* SwiftUI_TextButtonVstackStateAppTests.swift in Sources */ = {isa = PBXBuildFile; fileRef = 95B2E2A52931D89500B9A53A /* SwiftUI_TextButtonVstackStateAppTests.swift */; };
		95B2E2B02931D89500B9A53A /* SwiftUI_TextButtonVstackStateAppUITests.swift in Sources */ = {isa = PBXBuildFile; fileRef = 95B2E2AF2931D89500B9A53A /* SwiftUI_TextButtonVstackStateAppUITests.swift */; };
		95B2E2B22931D89500B9A53A /* SwiftUI_TextButtonVstackStateAppUITestsLaunchTests.swift in Sources */ = {isa = PBXBuildFile; fileRef = 95B2E2B12931D89500B9A53A /* SwiftUI_TextButtonVstackStateAppUITestsLaunchTests.swift */; };
/* End PBXBuildFile section */

/* Begin PBXContainerItemProxy section */
		95B2E2A22931D89500B9A53A /* PBXContainerItemProxy */ = {
			isa = PBXContainerItemProxy;
			containerPortal = 95B2E2892931D89400B9A53A /* Project object */;
			proxyType = 1;
			remoteGlobalIDString = 95B2E2902931D89400B9A53A;
			remoteInfo = "SwiftUI-TextButtonVstackStateApp";
		};
		95B2E2AC2931D89500B9A53A /* PBXContainerItemProxy */ = {
			isa = PBXContainerItemProxy;
			containerPortal = 95B2E2892931D89400B9A53A /* Project object */;
			proxyType = 1;
			remoteGlobalIDString = 95B2E2902931D89400B9A53A;
			remoteInfo = "SwiftUI-TextButtonVstackStateApp";
		};
/* End PBXContainerItemProxy section */

/* Begin PBXFileReference section */
		95B2E2912931D89400B9A53A /* SwiftUI-TextButtonVstackStateApp.app */ = {isa = PBXFileReference; explicitFileType = wrapper.application; includeInIndex = 0; path = "SwiftUI-TextButtonVstackStateApp.app"; sourceTree = BUILT_PRODUCTS_DIR; };
		95B2E2942931D89400B9A53A /* SwiftUI_TextButtonVstackStateAppApp.swift */ = {isa = PBXFileReference; lastKnownFileType = sourcecode.swift; path = SwiftUI_TextButtonVstackStateAppApp.swift; sourceTree = "<group>"; };
		95B2E2962931D89400B9A53A /* ContentView.swift */ = {isa = PBXFileReference; lastKnownFileType = sourcecode.swift; path = ContentView.swift; sourceTree = "<group>"; };
		95B2E2982931D89500B9A53A /* Assets.xcassets */ = {isa = PBXFileReference; lastKnownFileType = folder.assetcatalog; path = Assets.xcassets; sourceTree = "<group>"; };
		95B2E29B2931D89500B9A53A /* Preview Assets.xcassets */ = {isa = PBXFileReference; lastKnownFileType = folder.assetcatalog; path = "Preview Assets.xcassets"; sourceTree = "<group>"; };
		95B2E2A12931D89500B9A53A /* SwiftUI-TextButtonVstackStateAppTests.xctest */ = {isa = PBXFileReference; explicitFileType = wrapper.cfbundle; includeInIndex = 0; path = "SwiftUI-TextButtonVstackStateAppTests.xctest"; sourceTree = BUILT_PRODUCTS_DIR; };
		95B2E2A52931D89500B9A53A /* SwiftUI_TextButtonVstackStateAppTests.swift */ = {isa = PBXFileReference; lastKnownFileType = sourcecode.swift; path = SwiftUI_TextButtonVstackStateAppTests.swift; sourceTree = "<group>"; };
		95B2E2AB2931D89500B9A53A /* SwiftUI-TextButtonVstackStateAppUITests.xctest */ = {isa = PBXFileReference; explicitFileType = wrapper.cfbundle; includeInIndex = 0; path = "SwiftUI-TextButtonVstackStateAppUITests.xctest"; sourceTree = BUILT_PRODUCTS_DIR; };
		95B2E2AF2931D89500B9A53A /* SwiftUI_TextButtonVstackStateAppUITests.swift */ = {isa = PBXFileReference; lastKnownFileType = sourcecode.swift; path = SwiftUI_TextButtonVstackStateAppUITests.swift; sourceTree = "<group>"; };
		95B2E2B12931D89500B9A53A /* SwiftUI_TextButtonVstackStateAppUITestsLaunchTests.swift */ = {isa = PBXFileReference; lastKnownFileType = sourcecode.swift; path = SwiftUI_TextButtonVstackStateAppUITestsLaunchTests.swift; sourceTree = "<group>"; };
/* End PBXFileReference section */

/* Begin PBXFrameworksBuildPhase section */
		95B2E28E2931D89400B9A53A /* Frameworks */ = {
			isa = PBXFrameworksBuildPhase;
			buildActionMask = 2147483647;
			files = (
			);
			runOnlyForDeploymentPostprocessing = 0;
		};
		95B2E29E2931D89500B9A53A /* Frameworks */ = {
			isa = PBXFrameworksBuildPhase;
			buildActionMask = 2147483647;
			files = (
			);
			runOnlyForDeploymentPostprocessing = 0;
		};
		95B2E2A82931D89500B9A53A /* Frameworks */ = {
			isa = PBXFrameworksBuildPhase;
			buildActionMask = 2147483647;
			files = (
			);
			runOnlyForDeploymentPostprocessing = 0;
		};
/* End PBXFrameworksBuildPhase section */

/* Begin PBXGroup section */
		95B2E2882931D89400B9A53A = {
			isa = PBXGroup;
			children = (
				95B2E2932931D89400B9A53A /* SwiftUI-TextButtonVstackStateApp */,
				95B2E2A42931D89500B9A53A /* SwiftUI-TextButtonVstackStateAppTests */,
				95B2E2AE2931D89500B9A53A /* SwiftUI-TextButtonVstackStateAppUITests */,
				95B2E2922931D89400B9A53A /* Products */,
			);
			sourceTree = "<group>";
		};
		95B2E2922931D89400B9A53A /* Products */ = {
			isa = PBXGroup;
			children = (
				95B2E2912931D89400B9A53A /* SwiftUI-TextButtonVstackStateApp.app */,
				95B2E2A12931D89500B9A53A /* SwiftUI-TextButtonVstackStateAppTests.xctest */,
				95B2E2AB2931D89500B9A53A /* SwiftUI-TextButtonVstackStateAppUITests.xctest */,
			);
			name = Products;
			sourceTree = "<group>";
		};
		95B2E2932931D89400B9A53A /* SwiftUI-TextButtonVstackStateApp */ = {
			isa = PBXGroup;
			children = (
				95B2E2942931D89400B9A53A /* SwiftUI_TextButtonVstackStateAppApp.swift */,
				95B2E2962931D89400B9A53A /* ContentView.swift */,
				95B2E2982931D89500B9A53A /* Assets.xcassets */,
				95B2E29A2931D89500B9A53A /* Preview Content */,
			);
			path = "SwiftUI-TextButtonVstackStateApp";
			sourceTree = "<group>";
		};
		95B2E29A2931D89500B9A53A /* Preview Content */ = {
			isa = PBXGroup;
			children = (
				95B2E29B2931D89500B9A53A /* Preview Assets.xcassets */,
			);
			path = "Preview Content";
			sourceTree = "<group>";
		};
		95B2E2A42931D89500B9A53A /* SwiftUI-TextButtonVstackStateAppTests */ = {
			isa = PBXGroup;
			children = (
				95B2E2A52931D89500B9A53A /* SwiftUI_TextButtonVstackStateAppTests.swift */,
			);
			path = "SwiftUI-TextButtonVstackStateAppTests";
			sourceTree = "<group>";
		};
		95B2E2AE2931D89500B9A53A /* SwiftUI-TextButtonVstackStateAppUITests */ = {
			isa = PBXGroup;
			children = (
				95B2E2AF2931D89500B9A53A /* SwiftUI_TextButtonVstackStateAppUITests.swift */,
				95B2E2B12931D89500B9A53A /* SwiftUI_TextButtonVstackStateAppUITestsLaunchTests.swift */,
			);
			path = "SwiftUI-TextButtonVstackStateAppUITests";
			sourceTree = "<group>";
		};
/* End PBXGroup section */

/* Begin PBXNativeTarget section */
		95B2E2902931D89400B9A53A /* SwiftUI-TextButtonVstackStateApp */ = {
			isa = PBXNativeTarget;
			buildConfigurationList = 95B2E2B52931D89500B9A53A /* Build configuration list for PBXNativeTarget "SwiftUI-TextButtonVstackStateApp" */;
			buildPhases = (
				95B2E28D2931D89400B9A53A /* Sources */,
				95B2E28E2931D89400B9A53A /* Frameworks */,
				95B2E28F2931D89400B9A53A /* Resources */,
			);
			buildRules = (
			);
			dependencies = (
			);
			name = "SwiftUI-TextButtonVstackStateApp";
			productName = "SwiftUI-TextButtonVstackStateApp";
			productReference = 95B2E2912931D89400B9A53A /* SwiftUI-TextButtonVstackStateApp.app */;
			productType = "com.apple.product-type.application";
		};
		95B2E2A02931D89500B9A53A /* SwiftUI-TextButtonVstackStateAppTests */ = {
			isa = PBXNativeTarget;
			buildConfigurationList = 95B2E2B82931D89500B9A53A /* Build configuration list for PBXNativeTarget "SwiftUI-TextButtonVstackStateAppTests" */;
			buildPhases = (
				95B2E29D2931D89500B9A53A /* Sources */,
				95B2E29E2931D89500B9A53A /* Frameworks */,
				95B2E29F2931D89500B9A53A /* Resources */,
			);
			buildRules = (
			);
			dependencies = (
				95B2E2A32931D89500B9A53A /* PBXTargetDependency */,
			);
			name = "SwiftUI-TextButtonVstackStateAppTests";
			productName = "SwiftUI-TextButtonVstackStateAppTests";
			productReference = 95B2E2A12931D89500B9A53A /* SwiftUI-TextButtonVstackStateAppTests.xctest */;
			productType = "com.apple.product-type.bundle.unit-test";
		};
		95B2E2AA2931D89500B9A53A /* SwiftUI-TextButtonVstackStateAppUITests */ = {
			isa = PBXNativeTarget;
			buildConfigurationList = 95B2E2BB2931D89500B9A53A /* Build configuration list for PBXNativeTarget "SwiftUI-TextButtonVstackStateAppUITests" */;
			buildPhases = (
				95B2E2A72931D89500B9A53A /* Sources */,
				95B2E2A82931D89500B9A53A /* Frameworks */,
				95B2E2A92931D89500B9A53A /* Resources */,
			);
			buildRules = (
			);
			dependencies = (
				95B2E2AD2931D89500B9A53A /* PBXTargetDependency */,
			);
			name = "SwiftUI-TextButtonVstackStateAppUITests";
			productName = "SwiftUI-TextButtonVstackStateAppUITests";
			productReference = 95B2E2AB2931D89500B9A53A /* SwiftUI-TextButtonVstackStateAppUITests.xctest */;
			productType = "com.apple.product-type.bundle.ui-testing";
		};
/* End PBXNativeTarget section */

/* Begin PBXProject section */
		95B2E2892931D89400B9A53A /* Project object */ = {
			isa = PBXProject;
			attributes = {
				BuildIndependentTargetsInParallel = 1;
				LastSwiftUpdateCheck = 1410;
				LastUpgradeCheck = 1410;
				TargetAttributes = {
					95B2E2902931D89400B9A53A = {
						CreatedOnToolsVersion = 14.1;
					};
					95B2E2A02931D89500B9A53A = {
						CreatedOnToolsVersion = 14.1;
						TestTargetID = 95B2E2902931D89400B9A53A;
					};
					95B2E2AA2931D89500B9A53A = {
						CreatedOnToolsVersion = 14.1;
						TestTargetID = 95B2E2902931D89400B9A53A;
					};
				};
			};
			buildConfigurationList = 95B2E28C2931D89400B9A53A /* Build configuration list for PBXProject "SwiftUI-TextButtonVstackStateApp" */;
			compatibilityVersion = "Xcode 14.0";
			developmentRegion = en;
			hasScannedForEncodings = 0;
			knownRegions = (
				en,
				Base,
			);
			mainGroup = 95B2E2882931D89400B9A53A;
			productRefGroup = 95B2E2922931D89400B9A53A /* Products */;
			projectDirPath = "";
			projectRoot = "";
			targets = (
				95B2E2902931D89400B9A53A /* SwiftUI-TextButtonVstackStateApp */,
				95B2E2A02931D89500B9A53A /* SwiftUI-TextButtonVstackStateAppTests */,
				95B2E2AA2931D89500B9A53A /* SwiftUI-TextButtonVstackStateAppUITests */,
			);
		};
/* End PBXProject section */

/* Begin PBXResourcesBuildPhase section */
		95B2E28F2931D89400B9A53A /* Resources */ = {
			isa = PBXResourcesBuildPhase;
			buildActionMask = 2147483647;
			files = (
				95B2E29C2931D89500B9A53A /* Preview Assets.xcassets in Resources */,
				95B2E2992931D89500B9A53A /* Assets.xcassets in Resources */,
			);
			runOnlyForDeploymentPostprocessing = 0;
		};
		95B2E29F2931D89500B9A53A /* Resources */ = {
			isa = PBXResourcesBuildPhase;
			buildActionMask = 2147483647;
			files = (
			);
			runOnlyForDeploymentPostprocessing = 0;
		};
		95B2E2A92931D89500B9A53A /* Resources */ = {
			isa = PBXResourcesBuildPhase;
			buildActionMask = 2147483647;
			files = (
			);
			runOnlyForDeploymentPostprocessing = 0;
		};
/* End PBXResourcesBuildPhase section */

/* Begin PBXSourcesBuildPhase section */
		95B2E28D2931D89400B9A53A /* Sources */ = {
			isa = PBXSourcesBuildPhase;
			buildActionMask = 2147483647;
			files = (
				95B2E2972931D89400B9A53A /* ContentView.swift in Sources */,
				95B2E2952931D89400B9A53A /* SwiftUI_TextButtonVstackStateAppApp.swift in Sources */,
			);
			runOnlyForDeploymentPostprocessing = 0;
		};
		95B2E29D2931D89500B9A53A /* Sources */ = {
			isa = PBXSourcesBuildPhase;
			buildActionMask = 2147483647;
			files = (
				95B2E2A62931D89500B9A53A /* SwiftUI_TextButtonVstackStateAppTests.swift in Sources */,
			);
			runOnlyForDeploymentPostprocessing = 0;
		};
		95B2E2A72931D89500B9A53A /* Sources */ = {
			isa = PBXSourcesBuildPhase;
			buildActionMask = 2147483647;
			files = (
				95B2E2B02931D89500B9A53A /* SwiftUI_TextButtonVstackStateAppUITests.swift in Sources */,
				95B2E2B22931D89500B9A53A /* SwiftUI_TextButtonVstackStateAppUITestsLaunchTests.swift in Sources */,
			);
			runOnlyForDeploymentPostprocessing = 0;
		};
/* End PBXSourcesBuildPhase section */

/* Begin PBXTargetDependency section */
		95B2E2A32931D89500B9A53A /* PBXTargetDependency */ = {
			isa = PBXTargetDependency;
			target = 95B2E2902931D89400B9A53A /* SwiftUI-TextButtonVstackStateApp */;
			targetProxy = 95B2E2A22931D89500B9A53A /* PBXContainerItemProxy */;
		};
		95B2E2AD2931D89500B9A53A /* PBXTargetDependency */ = {
			isa = PBXTargetDependency;
			target = 95B2E2902931D89400B9A53A /* SwiftUI-TextButtonVstackStateApp */;
			targetProxy = 95B2E2AC2931D89500B9A53A /* PBXContainerItemProxy */;
		};
/* End PBXTargetDependency section */

/* Begin XCBuildConfiguration section */
		95B2E2B32931D89500B9A53A /* Debug */ = {
			isa = XCBuildConfiguration;
			buildSettings = {
				ALWAYS_SEARCH_USER_PATHS = NO;
				CLANG_ANALYZER_NONNULL = YES;
				CLANG_ANALYZER_NUMBER_OBJECT_CONVERSION = YES_AGGRESSIVE;
				CLANG_CXX_LANGUAGE_STANDARD = "gnu++20";
				CLANG_ENABLE_MODULES = YES;
				CLANG_ENABLE_OBJC_ARC = YES;
				CLANG_ENABLE_OBJC_WEAK = YES;
				CLANG_WARN_BLOCK_CAPTURE_AUTORELEASING = YES;
				CLANG_WARN_BOOL_CONVERSION = YES;
				CLANG_WARN_COMMA = YES;
				CLANG_WARN_CONSTANT_CONVERSION = YES;
				CLANG_WARN_DEPRECATED_OBJC_IMPLEMENTATIONS = YES;
				CLANG_WARN_DIRECT_OBJC_ISA_USAGE = YES_ERROR;
				CLANG_WARN_DOCUMENTATION_COMMENTS = YES;
				CLANG_WARN_EMPTY_BODY = YES;
				CLANG_WARN_ENUM_CONVERSION = YES;
				CLANG_WARN_INFINITE_RECURSION = YES;
				CLANG_WARN_INT_CONVERSION = YES;
				CLANG_WARN_NON_LITERAL_NULL_CONVERSION = YES;
				CLANG_WARN_OBJC_IMPLICIT_RETAIN_SELF = YES;
				CLANG_WARN_OBJC_LITERAL_CONVERSION = YES;
				CLANG_WARN_OBJC_ROOT_CLASS = YES_ERROR;
				CLANG_WARN_QUOTED_INCLUDE_IN_FRAMEWORK_HEADER = YES;
				CLANG_WARN_RANGE_LOOP_ANALYSIS = YES;
				CLANG_WARN_STRICT_PROTOTYPES = YES;
				CLANG_WARN_SUSPICIOUS_MOVE = YES;
				CLANG_WARN_UNGUARDED_AVAILABILITY = YES_AGGRESSIVE;
				CLANG_WARN_UNREACHABLE_CODE = YES;
				CLANG_WARN__DUPLICATE_METHOD_MATCH = YES;
				COPY_PHASE_STRIP = NO;
				DEBUG_INFORMATION_FORMAT = dwarf;
				ENABLE_STRICT_OBJC_MSGSEND = YES;
				ENABLE_TESTABILITY = YES;
				GCC_C_LANGUAGE_STANDARD = gnu11;
				GCC_DYNAMIC_NO_PIC = NO;
				GCC_NO_COMMON_BLOCKS = YES;
				GCC_OPTIMIZATION_LEVEL = 0;
				GCC_PREPROCESSOR_DEFINITIONS = (
					"DEBUG=1",
					"$(inherited)",
				);
				GCC_WARN_64_TO_32_BIT_CONVERSION = YES;
				GCC_WARN_ABOUT_RETURN_TYPE = YES_ERROR;
				GCC_WARN_UNDECLARED_SELECTOR = YES;
				GCC_WARN_UNINITIALIZED_AUTOS = YES_AGGRESSIVE;
				GCC_WARN_UNUSED_FUNCTION = YES;
				GCC_WARN_UNUSED_VARIABLE = YES;
				IPHONEOS_DEPLOYMENT_TARGET = 16.1;
				MTL_ENABLE_DEBUG_INFO = INCLUDE_SOURCE;
				MTL_FAST_MATH = YES;
				ONLY_ACTIVE_ARCH = YES;
				SDKROOT = iphoneos;
				SWIFT_ACTIVE_COMPILATION_CONDITIONS = DEBUG;
				SWIFT_OPTIMIZATION_LEVEL = "-Onone";
			};
			name = Debug;
		};
		95B2E2B42931D89500B9A53A /* Release */ = {
			isa = XCBuildConfiguration;
			buildSettings = {
				ALWAYS_SEARCH_USER_PATHS = NO;
				CLANG_ANALYZER_NONNULL = YES;
				CLANG_ANALYZER_NUMBER_OBJECT_CONVERSION = YES_AGGRESSIVE;
				CLANG_CXX_LANGUAGE_STANDARD = "gnu++20";
				CLANG_ENABLE_MODULES = YES;
				CLANG_ENABLE_OBJC_ARC = YES;
				CLANG_ENABLE_OBJC_WEAK = YES;
				CLANG_WARN_BLOCK_CAPTURE_AUTORELEASING = YES;
				CLANG_WARN_BOOL_CONVERSION = YES;
				CLANG_WARN_COMMA = YES;
				CLANG_WARN_CONSTANT_CONVERSION = YES;
				CLANG_WARN_DEPRECATED_OBJC_IMPLEMENTATIONS = YES;
				CLANG_WARN_DIRECT_OBJC_ISA_USAGE = YES_ERROR;
				CLANG_WARN_DOCUMENTATION_COMMENTS = YES;
				CLANG_WARN_EMPTY_BODY = YES;
				CLANG_WARN_ENUM_CONVERSION = YES;
				CLANG_WARN_INFINITE_RECURSION = YES;
				CLANG_WARN_INT_CONVERSION = YES;
				CLANG_WARN_NON_LITERAL_NULL_CONVERSION = YES;
				CLANG_WARN_OBJC_IMPLICIT_RETAIN_SELF = YES;
				CLANG_WARN_OBJC_LITERAL_CONVERSION = YES;
				CLANG_WARN_OBJC_ROOT_CLASS = YES_ERROR;
				CLANG_WARN_QUOTED_INCLUDE_IN_FRAMEWORK_HEADER = YES;
				CLANG_WARN_RANGE_LOOP_ANALYSIS = YES;
				CLANG_WARN_STRICT_PROTOTYPES = YES;
				CLANG_WARN_SUSPICIOUS_MOVE = YES;
				CLANG_WARN_UNGUARDED_AVAILABILITY = YES_AGGRESSIVE;
				CLANG_WARN_UNREACHABLE_CODE = YES;
				CLANG_WARN__DUPLICATE_METHOD_MATCH = YES;
				COPY_PHASE_STRIP = NO;
				DEBUG_INFORMATION_FORMAT = "dwarf-with-dsym";
				ENABLE_NS_ASSERTIONS = NO;
				ENABLE_STRICT_OBJC_MSGSEND = YES;
				GCC_C_LANGUAGE_STANDARD = gnu11;
				GCC_NO_COMMON_BLOCKS = YES;
				GCC_WARN_64_TO_32_BIT_CONVERSION = YES;
				GCC_WARN_ABOUT_RETURN_TYPE = YES_ERROR;
				GCC_WARN_UNDECLARED_SELECTOR = YES;
				GCC_WARN_UNINITIALIZED_AUTOS = YES_AGGRESSIVE;
				GCC_WARN_UNUSED_FUNCTION = YES;
				GCC_WARN_UNUSED_VARIABLE = YES;
				IPHONEOS_DEPLOYMENT_TARGET = 16.1;
				MTL_ENABLE_DEBUG_INFO = NO;
				MTL_FAST_MATH = YES;
				SDKROOT = iphoneos;
				SWIFT_COMPILATION_MODE = wholemodule;
				SWIFT_OPTIMIZATION_LEVEL = "-O";
				VALIDATE_PRODUCT = YES;
			};
			name = Release;
		};
		95B2E2B62931D89500B9A53A /* Debug */ = {
			isa = XCBuildConfiguration;
			buildSettings = {
				ASSETCATALOG_COMPILER_APPICON_NAME = AppIcon;
				ASSETCATALOG_COMPILER_GLOBAL_ACCENT_COLOR_NAME = AccentColor;
				CODE_SIGN_STYLE = Automatic;
				CURRENT_PROJECT_VERSION = 1;
				DEVELOPMENT_ASSET_PATHS = "\"SwiftUI-TextButtonVstackStateApp/Preview Content\"";
				DEVELOPMENT_TEAM = 7X9S244452;
				ENABLE_PREVIEWS = YES;
				GENERATE_INFOPLIST_FILE = YES;
				INFOPLIST_KEY_UIApplicationSceneManifest_Generation = YES;
				INFOPLIST_KEY_UIApplicationSupportsIndirectInputEvents = YES;
				INFOPLIST_KEY_UILaunchScreen_Generation = YES;
				INFOPLIST_KEY_UISupportedInterfaceOrientations_iPad = "UIInterfaceOrientationPortrait UIInterfaceOrientationPortraitUpsideDown UIInterfaceOrientationLandscapeLeft UIInterfaceOrientationLandscapeRight";
				INFOPLIST_KEY_UISupportedInterfaceOrientations_iPhone = "UIInterfaceOrientationPortrait UIInterfaceOrientationLandscapeLeft UIInterfaceOrientationLandscapeRight";
				LD_RUNPATH_SEARCH_PATHS = (
					"$(inherited)",
					"@executable_path/Frameworks",
				);
				MARKETING_VERSION = 1.0;
				PRODUCT_BUNDLE_IDENTIFIER = "com.mkondo.SwiftUI-TextButtonVstackStateApp";
				PRODUCT_NAME = "$(TARGET_NAME)";
				SWIFT_EMIT_LOC_STRINGS = YES;
				SWIFT_VERSION = 5.0;
				TARGETED_DEVICE_FAMILY = "1,2";
			};
			name = Debug;
		};
		95B2E2B72931D89500B9A53A /* Release */ = {
			isa = XCBuildConfiguration;
			buildSettings = {
				ASSETCATALOG_COMPILER_APPICON_NAME = AppIcon;
				ASSETCATALOG_COMPILER_GLOBAL_ACCENT_COLOR_NAME = AccentColor;
				CODE_SIGN_STYLE = Automatic;
				CURRENT_PROJECT_VERSION = 1;
				DEVELOPMENT_ASSET_PATHS = "\"SwiftUI-TextButtonVstackStateApp/Preview Content\"";
				DEVELOPMENT_TEAM = 7X9S244452;
				ENABLE_PREVIEWS = YES;
				GENERATE_INFOPLIST_FILE = YES;
				INFOPLIST_KEY_UIApplicationSceneManifest_Generation = YES;
				INFOPLIST_KEY_UIApplicationSupportsIndirectInputEvents = YES;
				INFOPLIST_KEY_UILaunchScreen_Generation = YES;
				INFOPLIST_KEY_UISupportedInterfaceOrientations_iPad = "UIInterfaceOrientationPortrait UIInterfaceOrientationPortraitUpsideDown UIInterfaceOrientationLandscapeLeft UIInterfaceOrientationLandscapeRight";
				INFOPLIST_KEY_UISupportedInterfaceOrientations_iPhone = "UIInterfaceOrientationPortrait UIInterfaceOrientationLandscapeLeft UIInterfaceOrientationLandscapeRight";
				LD_RUNPATH_SEARCH_PATHS = (
					"$(inherited)",
					"@executable_path/Frameworks",
				);
				MARKETING_VERSION = 1.0;
				PRODUCT_BUNDLE_IDENTIFIER = "com.mkondo.SwiftUI-TextButtonVstackStateApp";
				PRODUCT_NAME = "$(TARGET_NAME)";
				SWIFT_EMIT_LOC_STRINGS = YES;
				SWIFT_VERSION = 5.0;
				TARGETED_DEVICE_FAMILY = "1,2";
			};
			name = Release;
		};
		95B2E2B92931D89500B9A53A /* Debug */ = {
			isa = XCBuildConfiguration;
			buildSettings = {
				ALWAYS_EMBED_SWIFT_STANDARD_LIBRARIES = YES;
				BUNDLE_LOADER = "$(TEST_HOST)";
				CODE_SIGN_STYLE = Automatic;
				CURRENT_PROJECT_VERSION = 1;
				DEVELOPMENT_TEAM = 7X9S244452;
				GENERATE_INFOPLIST_FILE = YES;
				IPHONEOS_DEPLOYMENT_TARGET = 16.1;
				MARKETING_VERSION = 1.0;
				PRODUCT_BUNDLE_IDENTIFIER = "com.mkondo.SwiftUI-TextButtonVstackStateAppTests";
				PRODUCT_NAME = "$(TARGET_NAME)";
				SWIFT_EMIT_LOC_STRINGS = NO;
				SWIFT_VERSION = 5.0;
				TARGETED_DEVICE_FAMILY = "1,2";
				TEST_HOST = "$(BUILT_PRODUCTS_DIR)/SwiftUI-TextButtonVstackStateApp.app/$(BUNDLE_EXECUTABLE_FOLDER_PATH)/SwiftUI-TextButtonVstackStateApp";
			};
			name = Debug;
		};
		95B2E2BA2931D89500B9A53A /* Release */ = {
			isa = XCBuildConfiguration;
			buildSettings = {
				ALWAYS_EMBED_SWIFT_STANDARD_LIBRARIES = YES;
				BUNDLE_LOADER = "$(TEST_HOST)";
				CODE_SIGN_STYLE = Automatic;
				CURRENT_PROJECT_VERSION = 1;
				DEVELOPMENT_TEAM = 7X9S244452;
				GENERATE_INFOPLIST_FILE = YES;
				IPHONEOS_DEPLOYMENT_TARGET = 16.1;
				MARKETING_VERSION = 1.0;
				PRODUCT_BUNDLE_IDENTIFIER = "com.mkondo.SwiftUI-TextButtonVstackStateAppTests";
				PRODUCT_NAME = "$(TARGET_NAME)";
				SWIFT_EMIT_LOC_STRINGS = NO;
				SWIFT_VERSION = 5.0;
				TARGETED_DEVICE_FAMILY = "1,2";
				TEST_HOST = "$(BUILT_PRODUCTS_DIR)/SwiftUI-TextButtonVstackStateApp.app/$(BUNDLE_EXECUTABLE_FOLDER_PATH)/SwiftUI-TextButtonVstackStateApp";
			};
			name = Release;
		};
		95B2E2BC2931D89500B9A53A /* Debug */ = {
			isa = XCBuildConfiguration;
			buildSettings = {
				ALWAYS_EMBED_SWIFT_STANDARD_LIBRARIES = YES;
				CODE_SIGN_STYLE = Automatic;
				CURRENT_PROJECT_VERSION = 1;
				DEVELOPMENT_TEAM = 7X9S244452;
				GENERATE_INFOPLIST_FILE = YES;
				MARKETING_VERSION = 1.0;
				PRODUCT_BUNDLE_IDENTIFIER = "com.mkondo.SwiftUI-TextButtonVstackStateAppUITests";
				PRODUCT_NAME = "$(TARGET_NAME)";
				SWIFT_EMIT_LOC_STRINGS = NO;
				SWIFT_VERSION = 5.0;
				TARGETED_DEVICE_FAMILY = "1,2";
				TEST_TARGET_NAME = "SwiftUI-TextButtonVstackStateApp";
			};
			name = Debug;
		};
		95B2E2BD2931D89500B9A53A /* Release */ = {
			isa = XCBuildConfiguration;
			buildSettings = {
				ALWAYS_EMBED_SWIFT_STANDARD_LIBRARIES = YES;
				CODE_SIGN_STYLE = Automatic;
				CURRENT_PROJECT_VERSION = 1;
				DEVELOPMENT_TEAM = 7X9S244452;
				GENERATE_INFOPLIST_FILE = YES;
				MARKETING_VERSION = 1.0;
				PRODUCT_BUNDLE_IDENTIFIER = "com.mkondo.SwiftUI-TextButtonVstackStateAppUITests";
				PRODUCT_NAME = "$(TARGET_NAME)";
				SWIFT_EMIT_LOC_STRINGS = NO;
				SWIFT_VERSION = 5.0;
				TARGETED_DEVICE_FAMILY = "1,2";
				TEST_TARGET_NAME = "SwiftUI-TextButtonVstackStateApp";
			};
			name = Release;
		};
/* End XCBuildConfiguration section */

/* Begin XCConfigurationList section */
		95B2E28C2931D89400B9A53A /* Build configuration list for PBXProject "SwiftUI-TextButtonVstackStateApp" */ = {
			isa = XCConfigurationList;
			buildConfigurations = (
				95B2E2B32931D89500B9A53A /* Debug */,
				95B2E2B42931D89500B9A53A /* Release */,
			);
			defaultConfigurationIsVisible = 0;
			defaultConfigurationName = Release;
		};
		95B2E2B52931D89500B9A53A /* Build configuration list for PBXNativeTarget "SwiftUI-TextButtonVstackStateApp" */ = {
			isa = XCConfigurationList;
			buildConfigurations = (
				95B2E2B62931D89500B9A53A /* Debug */,
				95B2E2B72931D89500B9A53A /* Release */,
			);
			defaultConfigurationIsVisible = 0;
			defaultConfigurationName = Release;
		};
		95B2E2B82931D89500B9A53A /* Build configuration list for PBXNativeTarget "SwiftUI-TextButtonVstackStateAppTests" */ = {
			isa = XCConfigurationList;
			buildConfigurations = (
				95B2E2B92931D89500B9A53A /* Debug */,
				95B2E2BA2931D89500B9A53A /* Release */,
			);
			defaultConfigurationIsVisible = 0;
			defaultConfigurationName = Release;
		};
		95B2E2BB2931D89500B9A53A /* Build configuration list for PBXNativeTarget "SwiftUI-TextButtonVstackStateAppUITests" */ = {
			isa = XCConfigurationList;
			buildConfigurations = (
				95B2E2BC2931D89500B9A53A /* Debug */,
				95B2E2BD2931D89500B9A53A /* Release */,
			);
			defaultConfigurationIsVisible = 0;
			defaultConfigurationName = Release;
		};
/* End XCConfigurationList section */
	};
	rootObject = 95B2E2892931D89400B9A53A /* Project object */;
}
